// !$*UTF8*$!
{
	archiveVersion = 1;
	classes = {
	};
	objectVersion = 51;
	objects = {

/* Begin PBXBuildFile section */
		0785818A23FCE2D000583B24 /* AppDelegate.swift in Sources */ = {isa = PBXBuildFile; fileRef = 0785818923FCE2D000583B24 /* AppDelegate.swift */; };
		0785818C23FCE2D000583B24 /* SceneDelegate.swift in Sources */ = {isa = PBXBuildFile; fileRef = 0785818B23FCE2D000583B24 /* SceneDelegate.swift */; };
		0785818E23FCE2D000583B24 /* ViewController.swift in Sources */ = {isa = PBXBuildFile; fileRef = 0785818D23FCE2D000583B24 /* ViewController.swift */; };
		0785819123FCE2D000583B24 /* Main.storyboard in Resources */ = {isa = PBXBuildFile; fileRef = 0785818F23FCE2D000583B24 /* Main.storyboard */; };
		0785819323FCE2D300583B24 /* Assets.xcassets in Resources */ = {isa = PBXBuildFile; fileRef = 0785819223FCE2D300583B24 /* Assets.xcassets */; };
		0785819623FCE2D300583B24 /* LaunchScreen.storyboard in Resources */ = {isa = PBXBuildFile; fileRef = 0785819423FCE2D300583B24 /* LaunchScreen.storyboard */; };
		0D7E4C68240217C1006FD5AF /* NBTools.swift in Sources */ = {isa = PBXBuildFile; fileRef = 0D7E4C67240217C1006FD5AF /* NBTools.swift */; };
		0D7E4C8D24022359006FD5AF /* NBBaseViewController.swift in Sources */ = {isa = PBXBuildFile; fileRef = 0D7E4C8C24022359006FD5AF /* NBBaseViewController.swift */; };
		0D7E4C8F24022758006FD5AF /* UIViewExtension.swift in Sources */ = {isa = PBXBuildFile; fileRef = 0D7E4C8E24022758006FD5AF /* UIViewExtension.swift */; };
		0D7E4C9524022765006FD5AF /* UIViewControllerExtension.swift in Sources */ = {isa = PBXBuildFile; fileRef = 0D7E4C9024022765006FD5AF /* UIViewControllerExtension.swift */; };
		0D7E4C9624022765006FD5AF /* UITableViewCellExtension.swift in Sources */ = {isa = PBXBuildFile; fileRef = 0D7E4C9124022765006FD5AF /* UITableViewCellExtension.swift */; };
		0D7E4C9724022765006FD5AF /* UIButtonExtension.swift in Sources */ = {isa = PBXBuildFile; fileRef = 0D7E4C9224022765006FD5AF /* UIButtonExtension.swift */; };
		0D7E4C9824022765006FD5AF /* UIColorExtension.swift in Sources */ = {isa = PBXBuildFile; fileRef = 0D7E4C9324022765006FD5AF /* UIColorExtension.swift */; };
		0D7E4C9924022765006FD5AF /* UIImageViewExtension.swift in Sources */ = {isa = PBXBuildFile; fileRef = 0D7E4C9424022765006FD5AF /* UIImageViewExtension.swift */; };
		0D7E4C9C240227AF006FD5AF /* NBConstant.swift in Sources */ = {isa = PBXBuildFile; fileRef = 0D7E4C9B240227AF006FD5AF /* NBConstant.swift */; };
		DED1D71E3BC7C8E4FAD0A631 /* Pods_MagicBox.framework in Frameworks */ = {isa = PBXBuildFile; fileRef = C82BCF01B7069DF24CF30C7C /* Pods_MagicBox.framework */; };
/* End PBXBuildFile section */

/* Begin PBXFileReference section */
		0785818623FCE2D000583B24 /* MagicBox.app */ = {isa = PBXFileReference; explicitFileType = wrapper.application; includeInIndex = 0; path = MagicBox.app; sourceTree = BUILT_PRODUCTS_DIR; };
		0785818923FCE2D000583B24 /* AppDelegate.swift */ = {isa = PBXFileReference; lastKnownFileType = sourcecode.swift; path = AppDelegate.swift; sourceTree = "<group>"; };
		0785818B23FCE2D000583B24 /* SceneDelegate.swift */ = {isa = PBXFileReference; lastKnownFileType = sourcecode.swift; path = SceneDelegate.swift; sourceTree = "<group>"; };
		0785818D23FCE2D000583B24 /* ViewController.swift */ = {isa = PBXFileReference; lastKnownFileType = sourcecode.swift; path = ViewController.swift; sourceTree = "<group>"; };
		0785819023FCE2D000583B24 /* Base */ = {isa = PBXFileReference; lastKnownFileType = file.storyboard; name = Base; path = Base.lproj/Main.storyboard; sourceTree = "<group>"; };
		0785819223FCE2D300583B24 /* Assets.xcassets */ = {isa = PBXFileReference; lastKnownFileType = folder.assetcatalog; path = Assets.xcassets; sourceTree = "<group>"; };
		0785819523FCE2D300583B24 /* Base */ = {isa = PBXFileReference; lastKnownFileType = file.storyboard; name = Base; path = Base.lproj/LaunchScreen.storyboard; sourceTree = "<group>"; };
		0785819723FCE2D300583B24 /* Info.plist */ = {isa = PBXFileReference; lastKnownFileType = text.plist.xml; path = Info.plist; sourceTree = "<group>"; };
		0D7E4C67240217C1006FD5AF /* NBTools.swift */ = {isa = PBXFileReference; fileEncoding = 4; lastKnownFileType = sourcecode.swift; path = NBTools.swift; sourceTree = "<group>"; };
		0D7E4C8C24022359006FD5AF /* NBBaseViewController.swift */ = {isa = PBXFileReference; fileEncoding = 4; lastKnownFileType = sourcecode.swift; path = NBBaseViewController.swift; sourceTree = "<group>"; };
		0D7E4C8E24022758006FD5AF /* UIViewExtension.swift */ = {isa = PBXFileReference; fileEncoding = 4; lastKnownFileType = sourcecode.swift; path = UIViewExtension.swift; sourceTree = "<group>"; };
		0D7E4C9024022765006FD5AF /* UIViewControllerExtension.swift */ = {isa = PBXFileReference; fileEncoding = 4; lastKnownFileType = sourcecode.swift; path = UIViewControllerExtension.swift; sourceTree = "<group>"; };
		0D7E4C9124022765006FD5AF /* UITableViewCellExtension.swift */ = {isa = PBXFileReference; fileEncoding = 4; lastKnownFileType = sourcecode.swift; path = UITableViewCellExtension.swift; sourceTree = "<group>"; };
		0D7E4C9224022765006FD5AF /* UIButtonExtension.swift */ = {isa = PBXFileReference; fileEncoding = 4; lastKnownFileType = sourcecode.swift; path = UIButtonExtension.swift; sourceTree = "<group>"; };
		0D7E4C9324022765006FD5AF /* UIColorExtension.swift */ = {isa = PBXFileReference; fileEncoding = 4; lastKnownFileType = sourcecode.swift; path = UIColorExtension.swift; sourceTree = "<group>"; };
		0D7E4C9424022765006FD5AF /* UIImageViewExtension.swift */ = {isa = PBXFileReference; fileEncoding = 4; lastKnownFileType = sourcecode.swift; path = UIImageViewExtension.swift; sourceTree = "<group>"; };
		0D7E4C9B240227AF006FD5AF /* NBConstant.swift */ = {isa = PBXFileReference; lastKnownFileType = sourcecode.swift; path = NBConstant.swift; sourceTree = "<group>"; };
		9C5AB2DB91FFFF1127A14B59 /* Pods-MagicBox.debug.xcconfig */ = {isa = PBXFileReference; includeInIndex = 1; lastKnownFileType = text.xcconfig; name = "Pods-MagicBox.debug.xcconfig"; path = "Target Support Files/Pods-MagicBox/Pods-MagicBox.debug.xcconfig"; sourceTree = "<group>"; };
		AFCD8A4FD4B98E94800AB5DD /* Pods-MagicBox.release.xcconfig */ = {isa = PBXFileReference; includeInIndex = 1; lastKnownFileType = text.xcconfig; name = "Pods-MagicBox.release.xcconfig"; path = "Target Support Files/Pods-MagicBox/Pods-MagicBox.release.xcconfig"; sourceTree = "<group>"; };
		C82BCF01B7069DF24CF30C7C /* Pods_MagicBox.framework */ = {isa = PBXFileReference; explicitFileType = wrapper.framework; includeInIndex = 0; path = Pods_MagicBox.framework; sourceTree = BUILT_PRODUCTS_DIR; };
/* End PBXFileReference section */

/* Begin PBXFrameworksBuildPhase section */
		0785818323FCE2D000583B24 /* Frameworks */ = {
			isa = PBXFrameworksBuildPhase;
			buildActionMask = 2147483647;
			files = (
				DED1D71E3BC7C8E4FAD0A631 /* Pods_MagicBox.framework in Frameworks */,
			);
			runOnlyForDeploymentPostprocessing = 0;
		};
/* End PBXFrameworksBuildPhase section */

/* Begin PBXGroup section */
		0785817D23FCE2D000583B24 = {
			isa = PBXGroup;
			children = (
				0785818823FCE2D000583B24 /* MagicBox */,
				0785818723FCE2D000583B24 /* Products */,
				8F9F31C9CCE0A6DBBCF55646 /* Pods */,
				9F8078CDDB4B2CFA46A54177 /* Frameworks */,
			);
			sourceTree = "<group>";
		};
		0785818723FCE2D000583B24 /* Products */ = {
			isa = PBXGroup;
			children = (
				0785818623FCE2D000583B24 /* MagicBox.app */,
			);
			name = Products;
			sourceTree = "<group>";
		};
		0785818823FCE2D000583B24 /* MagicBox */ = {
			isa = PBXGroup;
			children = (
				0D7E4C66240217C1006FD5AF /* Tools */,
				0785818923FCE2D000583B24 /* AppDelegate.swift */,
				0785818B23FCE2D000583B24 /* SceneDelegate.swift */,
				0785818D23FCE2D000583B24 /* ViewController.swift */,
				0785818F23FCE2D000583B24 /* Main.storyboard */,
				0785819223FCE2D300583B24 /* Assets.xcassets */,
				0785819423FCE2D300583B24 /* LaunchScreen.storyboard */,
				0785819723FCE2D300583B24 /* Info.plist */,
			);
			path = MagicBox;
			sourceTree = "<group>";
		};
		0D7E4C66240217C1006FD5AF /* Tools */ = {
			isa = PBXGroup;
			children = (
				0D7E4C9A24022794006FD5AF /* Extension */,
				0D7E4C67240217C1006FD5AF /* NBTools.swift */,
				0D7E4C8C24022359006FD5AF /* NBBaseViewController.swift */,
				0D7E4C9B240227AF006FD5AF /* NBConstant.swift */,
			);
			path = Tools;
			sourceTree = SOURCE_ROOT;
		};
		0D7E4C9A24022794006FD5AF /* Extension */ = {
			isa = PBXGroup;
			children = (
				0D7E4C9024022765006FD5AF /* UIViewControllerExtension.swift */,
				0D7E4C9124022765006FD5AF /* UITableViewCellExtension.swift */,
				0D7E4C9424022765006FD5AF /* UIImageViewExtension.swift */,
				0D7E4C9224022765006FD5AF /* UIButtonExtension.swift */,
				0D7E4C9324022765006FD5AF /* UIColorExtension.swift */,
				0D7E4C8E24022758006FD5AF /* UIViewExtension.swift */,
			);
			path = Extension;
			sourceTree = "<group>";
		};
		8F9F31C9CCE0A6DBBCF55646 /* Pods */ = {
			isa = PBXGroup;
			children = (
				9C5AB2DB91FFFF1127A14B59 /* Pods-MagicBox.debug.xcconfig */,
				AFCD8A4FD4B98E94800AB5DD /* Pods-MagicBox.release.xcconfig */,
			);
			path = Pods;
			sourceTree = "<group>";
		};
		9F8078CDDB4B2CFA46A54177 /* Frameworks */ = {
			isa = PBXGroup;
			children = (
				C82BCF01B7069DF24CF30C7C /* Pods_MagicBox.framework */,
			);
			name = Frameworks;
			sourceTree = "<group>";
		};
/* End PBXGroup section */

/* Begin PBXNativeTarget section */
		0785818523FCE2D000583B24 /* MagicBox */ = {
			isa = PBXNativeTarget;
			buildConfigurationList = 0785819A23FCE2D300583B24 /* Build configuration list for PBXNativeTarget "MagicBox" */;
			buildPhases = (
				D75B3A17689F8A1DD9AB51BA /* [CP] Check Pods Manifest.lock */,
				0785818223FCE2D000583B24 /* Sources */,
				0785818323FCE2D000583B24 /* Frameworks */,
				0785818423FCE2D000583B24 /* Resources */,
				698D448E704209F7855EFBEB /* [CP] Embed Pods Frameworks */,
			);
			buildRules = (
			);
			dependencies = (
			);
			name = MagicBox;
			productName = MagicBox;
			productReference = 0785818623FCE2D000583B24 /* MagicBox.app */;
			productType = "com.apple.product-type.application";
		};
/* End PBXNativeTarget section */

/* Begin PBXProject section */
		0785817E23FCE2D000583B24 /* Project object */ = {
			isa = PBXProject;
			attributes = {
				LastSwiftUpdateCheck = 1120;
				LastUpgradeCheck = 1120;
				ORGANIZATIONNAME = hanrychen;
				TargetAttributes = {
					0785818523FCE2D000583B24 = {
						CreatedOnToolsVersion = 11.2.1;
					};
				};
			};
			buildConfigurationList = 0785818123FCE2D000583B24 /* Build configuration list for PBXProject "MagicBox" */;
			compatibilityVersion = "Xcode 9.3";
			developmentRegion = en;
			hasScannedForEncodings = 0;
			knownRegions = (
				en,
				Base,
			);
			mainGroup = 0785817D23FCE2D000583B24;
			productRefGroup = 0785818723FCE2D000583B24 /* Products */;
			projectDirPath = "";
			projectRoot = "";
			targets = (
				0785818523FCE2D000583B24 /* MagicBox */,
			);
		};
/* End PBXProject section */

/* Begin PBXResourcesBuildPhase section */
		0785818423FCE2D000583B24 /* Resources */ = {
			isa = PBXResourcesBuildPhase;
			buildActionMask = 2147483647;
			files = (
				0785819623FCE2D300583B24 /* LaunchScreen.storyboard in Resources */,
				0785819323FCE2D300583B24 /* Assets.xcassets in Resources */,
				0785819123FCE2D000583B24 /* Main.storyboard in Resources */,
			);
			runOnlyForDeploymentPostprocessing = 0;
		};
/* End PBXResourcesBuildPhase section */

/* Begin PBXShellScriptBuildPhase section */
		698D448E704209F7855EFBEB /* [CP] Embed Pods Frameworks */ = {
			isa = PBXShellScriptBuildPhase;
			buildActionMask = 2147483647;
			files = (
			);
			inputFileListPaths = (
				"${PODS_ROOT}/Target Support Files/Pods-MagicBox/Pods-MagicBox-frameworks-${CONFIGURATION}-input-files.xcfilelist",
			);
			name = "[CP] Embed Pods Frameworks";
			outputFileListPaths = (
				"${PODS_ROOT}/Target Support Files/Pods-MagicBox/Pods-MagicBox-frameworks-${CONFIGURATION}-output-files.xcfilelist",
			);
			runOnlyForDeploymentPostprocessing = 0;
			shellPath = /bin/sh;
			shellScript = "\"${PODS_ROOT}/Target Support Files/Pods-MagicBox/Pods-MagicBox-frameworks.sh\"\n";
			showEnvVarsInLog = 0;
		};
		D75B3A17689F8A1DD9AB51BA /* [CP] Check Pods Manifest.lock */ = {
			isa = PBXShellScriptBuildPhase;
			buildActionMask = 2147483647;
			files = (
			);
			inputFileListPaths = (
			);
			inputPaths = (
				"${PODS_PODFILE_DIR_PATH}/Podfile.lock",
				"${PODS_ROOT}/Manifest.lock",
			);
			name = "[CP] Check Pods Manifest.lock";
			outputFileListPaths = (
			);
			outputPaths = (
				"$(DERIVED_FILE_DIR)/Pods-MagicBox-checkManifestLockResult.txt",
			);
			runOnlyForDeploymentPostprocessing = 0;
			shellPath = /bin/sh;
			shellScript = "diff \"${PODS_PODFILE_DIR_PATH}/Podfile.lock\" \"${PODS_ROOT}/Manifest.lock\" > /dev/null\nif [ $? != 0 ] ; then\n    # print error to STDERR\n    echo \"error: The sandbox is not in sync with the Podfile.lock. Run 'pod install' or update your CocoaPods installation.\" >&2\n    exit 1\nfi\n# This output is used by Xcode 'outputs' to avoid re-running this script phase.\necho \"SUCCESS\" > \"${SCRIPT_OUTPUT_FILE_0}\"\n";
			showEnvVarsInLog = 0;
		};
/* End PBXShellScriptBuildPhase section */

/* Begin PBXSourcesBuildPhase section */
		0785818223FCE2D000583B24 /* Sources */ = {
			isa = PBXSourcesBuildPhase;
			buildActionMask = 2147483647;
			files = (
				0D7E4C8F24022758006FD5AF /* UIViewExtension.swift in Sources */,
				0785818E23FCE2D000583B24 /* ViewController.swift in Sources */,
				0D7E4C68240217C1006FD5AF /* NBTools.swift in Sources */,
				0785818A23FCE2D000583B24 /* AppDelegate.swift in Sources */,
				0785818C23FCE2D000583B24 /* SceneDelegate.swift in Sources */,
				0D7E4C9C240227AF006FD5AF /* NBConstant.swift in Sources */,
				0D7E4C9724022765006FD5AF /* UIButtonExtension.swift in Sources */,
				0D7E4C9924022765006FD5AF /* UIImageViewExtension.swift in Sources */,
				0D7E4C9524022765006FD5AF /* UIViewControllerExtension.swift in Sources */,
				0D7E4C9824022765006FD5AF /* UIColorExtension.swift in Sources */,
				0D7E4C8D24022359006FD5AF /* NBBaseViewController.swift in Sources */,
				0D7E4C9624022765006FD5AF /* UITableViewCellExtension.swift in Sources */,
			);
			runOnlyForDeploymentPostprocessing = 0;
		};
/* End PBXSourcesBuildPhase section */

/* Begin PBXVariantGroup section */
		0785818F23FCE2D000583B24 /* Main.storyboard */ = {
			isa = PBXVariantGroup;
			children = (
				0785819023FCE2D000583B24 /* Base */,
			);
			name = Main.storyboard;
			sourceTree = "<group>";
		};
		0785819423FCE2D300583B24 /* LaunchScreen.storyboard */ = {
			isa = PBXVariantGroup;
			children = (
				0785819523FCE2D300583B24 /* Base */,
			);
			name = LaunchScreen.storyboard;
			sourceTree = "<group>";
		};
/* End PBXVariantGroup section */

/* Begin XCBuildConfiguration section */
		0785819823FCE2D300583B24 /* Debug */ = {
			isa = XCBuildConfiguration;
			buildSettings = {
				ALWAYS_SEARCH_USER_PATHS = NO;
				CLANG_ANALYZER_NONNULL = YES;
				CLANG_ANALYZER_NUMBER_OBJECT_CONVERSION = YES_AGGRESSIVE;
				CLANG_CXX_LANGUAGE_STANDARD = "gnu++14";
				CLANG_CXX_LIBRARY = "libc++";
				CLANG_ENABLE_MODULES = YES;
				CLANG_ENABLE_OBJC_ARC = YES;
				CLANG_ENABLE_OBJC_WEAK = YES;
				CLANG_WARN_BLOCK_CAPTURE_AUTORELEASING = YES;
				CLANG_WARN_BOOL_CONVERSION = YES;
				CLANG_WARN_COMMA = YES;
				CLANG_WARN_CONSTANT_CONVERSION = YES;
				CLANG_WARN_DEPRECATED_OBJC_IMPLEMENTATIONS = YES;
				CLANG_WARN_DIRECT_OBJC_ISA_USAGE = YES_ERROR;
				CLANG_WARN_DOCUMENTATION_COMMENTS = YES;
				CLANG_WARN_EMPTY_BODY = YES;
				CLANG_WARN_ENUM_CONVERSION = YES;
				CLANG_WARN_INFINITE_RECURSION = YES;
				CLANG_WARN_INT_CONVERSION = YES;
				CLANG_WARN_NON_LITERAL_NULL_CONVERSION = YES;
				CLANG_WARN_OBJC_IMPLICIT_RETAIN_SELF = YES;
				CLANG_WARN_OBJC_LITERAL_CONVERSION = YES;
				CLANG_WARN_OBJC_ROOT_CLASS = YES_ERROR;
				CLANG_WARN_RANGE_LOOP_ANALYSIS = YES;
				CLANG_WARN_STRICT_PROTOTYPES = YES;
				CLANG_WARN_SUSPICIOUS_MOVE = YES;
				CLANG_WARN_UNGUARDED_AVAILABILITY = YES_AGGRESSIVE;
				CLANG_WARN_UNREACHABLE_CODE = YES;
				CLANG_WARN__DUPLICATE_METHOD_MATCH = YES;
				COPY_PHASE_STRIP = NO;
				DEBUG_INFORMATION_FORMAT = dwarf;
				ENABLE_STRICT_OBJC_MSGSEND = YES;
				ENABLE_TESTABILITY = YES;
				GCC_C_LANGUAGE_STANDARD = gnu11;
				GCC_DYNAMIC_NO_PIC = NO;
				GCC_NO_COMMON_BLOCKS = YES;
				GCC_OPTIMIZATION_LEVEL = 0;
				GCC_PREPROCESSOR_DEFINITIONS = (
					"DEBUG=1",
					"$(inherited)",
				);
				GCC_WARN_64_TO_32_BIT_CONVERSION = YES;
				GCC_WARN_ABOUT_RETURN_TYPE = YES_ERROR;
				GCC_WARN_UNDECLARED_SELECTOR = YES;
				GCC_WARN_UNINITIALIZED_AUTOS = YES_AGGRESSIVE;
				GCC_WARN_UNUSED_FUNCTION = YES;
				GCC_WARN_UNUSED_VARIABLE = YES;
				IPHONEOS_DEPLOYMENT_TARGET = 13.2;
				MTL_ENABLE_DEBUG_INFO = INCLUDE_SOURCE;
				MTL_FAST_MATH = YES;
				ONLY_ACTIVE_ARCH = YES;
				SDKROOT = iphoneos;
				SWIFT_ACTIVE_COMPILATION_CONDITIONS = DEBUG;
				SWIFT_OPTIMIZATION_LEVEL = "-Onone";
			};
			name = Debug;
		};
		0785819923FCE2D300583B24 /* Release */ = {
			isa = XCBuildConfiguration;
			buildSettings = {
				ALWAYS_SEARCH_USER_PATHS = NO;
				CLANG_ANALYZER_NONNULL = YES;
				CLANG_ANALYZER_NUMBER_OBJECT_CONVERSION = YES_AGGRESSIVE;
				CLANG_CXX_LANGUAGE_STANDARD = "gnu++14";
				CLANG_CXX_LIBRARY = "libc++";
				CLANG_ENABLE_MODULES = YES;
				CLANG_ENABLE_OBJC_ARC = YES;
				CLANG_ENABLE_OBJC_WEAK = YES;
				CLANG_WARN_BLOCK_CAPTURE_AUTORELEASING = YES;
				CLANG_WARN_BOOL_CONVERSION = YES;
				CLANG_WARN_COMMA = YES;
				CLANG_WARN_CONSTANT_CONVERSION = YES;
				CLANG_WARN_DEPRECATED_OBJC_IMPLEMENTATIONS = YES;
				CLANG_WARN_DIRECT_OBJC_ISA_USAGE = YES_ERROR;
				CLANG_WARN_DOCUMENTATION_COMMENTS = YES;
				CLANG_WARN_EMPTY_BODY = YES;
				CLANG_WARN_ENUM_CONVERSION = YES;
				CLANG_WARN_INFINITE_RECURSION = YES;
				CLANG_WARN_INT_CONVERSION = YES;
				CLANG_WARN_NON_LITERAL_NULL_CONVERSION = YES;
				CLANG_WARN_OBJC_IMPLICIT_RETAIN_SELF = YES;
				CLANG_WARN_OBJC_LITERAL_CONVERSION = YES;
				CLANG_WARN_OBJC_ROOT_CLASS = YES_ERROR;
				CLANG_WARN_RANGE_LOOP_ANALYSIS = YES;
				CLANG_WARN_STRICT_PROTOTYPES = YES;
				CLANG_WARN_SUSPICIOUS_MOVE = YES;
				CLANG_WARN_UNGUARDED_AVAILABILITY = YES_AGGRESSIVE;
				CLANG_WARN_UNREACHABLE_CODE = YES;
				CLANG_WARN__DUPLICATE_METHOD_MATCH = YES;
				COPY_PHASE_STRIP = NO;
				DEBUG_INFORMATION_FORMAT = "dwarf-with-dsym";
				ENABLE_NS_ASSERTIONS = NO;
				ENABLE_STRICT_OBJC_MSGSEND = YES;
				GCC_C_LANGUAGE_STANDARD = gnu11;
				GCC_NO_COMMON_BLOCKS = YES;
				GCC_WARN_64_TO_32_BIT_CONVERSION = YES;
				GCC_WARN_ABOUT_RETURN_TYPE = YES_ERROR;
				GCC_WARN_UNDECLARED_SELECTOR = YES;
				GCC_WARN_UNINITIALIZED_AUTOS = YES_AGGRESSIVE;
				GCC_WARN_UNUSED_FUNCTION = YES;
				GCC_WARN_UNUSED_VARIABLE = YES;
				IPHONEOS_DEPLOYMENT_TARGET = 13.2;
				MTL_ENABLE_DEBUG_INFO = NO;
				MTL_FAST_MATH = YES;
				SDKROOT = iphoneos;
				SWIFT_COMPILATION_MODE = wholemodule;
				SWIFT_OPTIMIZATION_LEVEL = "-O";
				VALIDATE_PRODUCT = YES;
			};
			name = Release;
		};
		0785819B23FCE2D300583B24 /* Debug */ = {
			isa = XCBuildConfiguration;
			baseConfigurationReference = 9C5AB2DB91FFFF1127A14B59 /* Pods-MagicBox.debug.xcconfig */;
			buildSettings = {
				ASSETCATALOG_COMPILER_APPICON_NAME = AppIcon;
				CODE_SIGN_STYLE = Automatic;
				DEVELOPMENT_TEAM = R7R5X9K82P;
				INFOPLIST_FILE = MagicBox/Info.plist;
				LD_RUNPATH_SEARCH_PATHS = (
					"$(inherited)",
					"@executable_path/Frameworks",
				);
				PRODUCT_BUNDLE_IDENTIFIER = com.hanrychen.MagicBox;
				PRODUCT_NAME = "$(TARGET_NAME)";
				SWIFT_VERSION = 5.0;
				TARGETED_DEVICE_FAMILY = "1,2";
			};
			name = Debug;
		};
		0785819C23FCE2D300583B24 /* Release */ = {
			isa = XCBuildConfiguration;
			baseConfigurationReference = AFCD8A4FD4B98E94800AB5DD /* Pods-MagicBox.release.xcconfig */;
			buildSettings = {
				ASSETCATALOG_COMPILER_APPICON_NAME = AppIcon;
				CODE_SIGN_STYLE = Automatic;
				DEVELOPMENT_TEAM = R7R5X9K82P;
				INFOPLIST_FILE = MagicBox/Info.plist;
				LD_RUNPATH_SEARCH_PATHS = (
					"$(inherited)",
					"@executable_path/Frameworks",
				);
				PRODUCT_BUNDLE_IDENTIFIER = com.hanrychen.MagicBox;
				PRODUCT_NAME = "$(TARGET_NAME)";
				SWIFT_VERSION = 5.0;
				TARGETED_DEVICE_FAMILY = "1,2";
			};
			name = Release;
		};
/* End XCBuildConfiguration section */

/* Begin XCConfigurationList section */
		0785818123FCE2D000583B24 /* Build configuration list for PBXProject "MagicBox" */ = {
			isa = XCConfigurationList;
			buildConfigurations = (
				0785819823FCE2D300583B24 /* Debug */,
				0785819923FCE2D300583B24 /* Release */,
			);
			defaultConfigurationIsVisible = 0;
			defaultConfigurationName = Release;
		};
		0785819A23FCE2D300583B24 /* Build configuration list for PBXNativeTarget "MagicBox" */ = {
			isa = XCConfigurationList;
			buildConfigurations = (
				0785819B23FCE2D300583B24 /* Debug */,
				0785819C23FCE2D300583B24 /* Release */,
			);
			defaultConfigurationIsVisible = 0;
			defaultConfigurationName = Release;
		};
/* End XCConfigurationList section */
	};
	rootObject = 0785817E23FCE2D000583B24 /* Project object */;
}
